
Microsoft Visual Studio Solution File, Format Version 12.00
# Visual Studio 15
Project("{FAE04EC0-301F-11D3-BF4B-00C04F79EFBC}") = "GirlsWhoCodeDemo.Android", "GirlsWhoCodeDemo.Android\GirlsWhoCodeDemo.Android.csproj", "{8265F0D1-CC4A-4805-8C26-495FE68A14F3}"
EndProject
Project("{FAE04EC0-301F-11D3-BF4B-00C04F79EFBC}") = "GirlsWhoCodeDemo.iOS", "GirlsWhoCodeDemo.iOS\GirlsWhoCodeDemo.iOS.csproj", "{9267E0B3-2249-4889-B4E9-73F924884619}"
EndProject
Project("{FAE04EC0-301F-11D3-BF4B-00C04F79EFBC}") = "GirlsWhoCodeDemo", "GirlsWhoCodeDemo\GirlsWhoCodeDemo.csproj", "{D0CD736F-855D-4D48-A947-A1833E9B917A}"
EndProject
Global
	GlobalSection(SolutionConfigurationPlatforms) = preSolution
		Debug|Any CPU = Debug|Any CPU
		Release|Any CPU = Release|Any CPU
		Debug|iPhoneSimulator = Debug|iPhoneSimulator
		Release|iPhoneSimulator = Release|iPhoneSimulator
		Debug|iPhone = Debug|iPhone
		Release|iPhone = Release|iPhone
		Ad-Hoc|iPhone = Ad-Hoc|iPhone
		AppStore|iPhone = AppStore|iPhone
	EndGlobalSection
	GlobalSection(ProjectConfigurationPlatforms) = postSolution
		{8265F0D1-CC4A-4805-8C26-495FE68A14F3}.Debug|Any CPU.ActiveCfg = Debug|Any CPU
		{8265F0D1-CC4A-4805-8C26-495FE68A14F3}.Debug|Any CPU.Build.0 = Debug|Any CPU
		{8265F0D1-CC4A-4805-8C26-495FE68A14F3}.Release|Any CPU.ActiveCfg = Release|Any CPU
		{8265F0D1-CC4A-4805-8C26-495FE68A14F3}.Release|Any CPU.Build.0 = Release|Any CPU
		{8265F0D1-CC4A-4805-8C26-495FE68A14F3}.Debug|iPhoneSimulator.ActiveCfg = Debug|Any CPU
		{8265F0D1-CC4A-4805-8C26-495FE68A14F3}.Debug|iPhoneSimulator.Build.0 = Debug|Any CPU
		{8265F0D1-CC4A-4805-8C26-495FE68A14F3}.Release|iPhoneSimulator.ActiveCfg = Release|Any CPU
		{8265F0D1-CC4A-4805-8C26-495FE68A14F3}.Release|iPhoneSimulator.Build.0 = Release|Any CPU
		{8265F0D1-CC4A-4805-8C26-495FE68A14F3}.Debug|iPhone.ActiveCfg = Debug|Any CPU
		{8265F0D1-CC4A-4805-8C26-495FE68A14F3}.Debug|iPhone.Build.0 = Debug|Any CPU
		{8265F0D1-CC4A-4805-8C26-495FE68A14F3}.Release|iPhone.ActiveCfg = Release|Any CPU
		{8265F0D1-CC4A-4805-8C26-495FE68A14F3}.Release|iPhone.Build.0 = Release|Any CPU
		{8265F0D1-CC4A-4805-8C26-495FE68A14F3}.Ad-Hoc|iPhone.ActiveCfg = Debug|Any CPU
		{8265F0D1-CC4A-4805-8C26-495FE68A14F3}.Ad-Hoc|iPhone.Build.0 = Debug|Any CPU
		{8265F0D1-CC4A-4805-8C26-495FE68A14F3}.AppStore|iPhone.ActiveCfg = Debug|Any CPU
		{8265F0D1-CC4A-4805-8C26-495FE68A14F3}.AppStore|iPhone.Build.0 = Debug|Any CPU
		{9267E0B3-2249-4889-B4E9-73F924884619}.Debug|Any CPU.ActiveCfg = Debug|iPhoneSimulator
		{9267E0B3-2249-4889-B4E9-73F924884619}.Debug|Any CPU.Build.0 = Debug|iPhoneSimulator
		{9267E0B3-2249-4889-B4E9-73F924884619}.Release|Any CPU.ActiveCfg = Release|iPhoneSimulator
		{9267E0B3-2249-4889-B4E9-73F924884619}.Release|Any CPU.Build.0 = Release|iPhoneSimulator
		{9267E0B3-2249-4889-B4E9-73F924884619}.Debug|iPhoneSimulator.ActiveCfg = Debug|iPhoneSimulator
		{9267E0B3-2249-4889-B4E9-73F924884619}.Debug|iPhoneSimulator.Build.0 = Debug|iPhoneSimulator
		{9267E0B3-2249-4889-B4E9-73F924884619}.Release|iPhoneSimulator.ActiveCfg = Release|iPhoneSimulator
		{9267E0B3-2249-4889-B4E9-73F924884619}.Release|iPhoneSimulator.Build.0 = Release|iPhoneSimulator
		{9267E0B3-2249-4889-B4E9-73F924884619}.Debug|iPhone.ActiveCfg = Debug|iPhone
		{9267E0B3-2249-4889-B4E9-73F924884619}.Debug|iPhone.Build.0 = Debug|iPhone
		{9267E0B3-2249-4889-B4E9-73F924884619}.Release|iPhone.ActiveCfg = Release|iPhone
		{9267E0B3-2249-4889-B4E9-73F924884619}.Release|iPhone.Build.0 = Release|iPhone
		{9267E0B3-2249-4889-B4E9-73F924884619}.Ad-Hoc|iPhone.ActiveCfg = Ad-Hoc|iPhone
		{9267E0B3-2249-4889-B4E9-73F924884619}.Ad-Hoc|iPhone.Build.0 = Ad-Hoc|iPhone
		{9267E0B3-2249-4889-B4E9-73F924884619}.AppStore|iPhone.ActiveCfg = AppStore|iPhone
		{9267E0B3-2249-4889-B4E9-73F924884619}.AppStore|iPhone.Build.0 = AppStore|iPhone
		{D0CD736F-855D-4D48-A947-A1833E9B917A}.Debug|Any CPU.ActiveCfg = Debug|Any CPU
		{D0CD736F-855D-4D48-A947-A1833E9B917A}.Debug|Any CPU.Build.0 = Debug|Any CPU
		{D0CD736F-855D-4D48-A947-A1833E9B917A}.Release|Any CPU.ActiveCfg = Release|Any CPU
		{D0CD736F-855D-4D48-A947-A1833E9B917A}.Release|Any CPU.Build.0 = Release|Any CPU
		{D0CD736F-855D-4D48-A947-A1833E9B917A}.Debug|iPhoneSimulator.ActiveCfg = Debug|Any CPU
		{D0CD736F-855D-4D48-A947-A1833E9B917A}.Debug|iPhoneSimulator.Build.0 = Debug|Any CPU
		{D0CD736F-855D-4D48-A947-A1833E9B917A}.Release|iPhoneSimulator.ActiveCfg = Release|Any CPU
		{D0CD736F-855D-4D48-A947-A1833E9B917A}.Release|iPhoneSimulator.Build.0 = Release|Any CPU
		{D0CD736F-855D-4D48-A947-A1833E9B917A}.Debug|iPhone.ActiveCfg = Debug|Any CPU
		{D0CD736F-855D-4D48-A947-A1833E9B917A}.Debug|iPhone.Build.0 = Debug|Any CPU
		{D0CD736F-855D-4D48-A947-A1833E9B917A}.Release|iPhone.ActiveCfg = Release|Any CPU
		{D0CD736F-855D-4D48-A947-A1833E9B917A}.Release|iPhone.Build.0 = Release|Any CPU
		{D0CD736F-855D-4D48-A947-A1833E9B917A}.Ad-Hoc|iPhone.ActiveCfg = Debug|Any CPU
		{D0CD736F-855D-4D48-A947-A1833E9B917A}.Ad-Hoc|iPhone.Build.0 = Debug|Any CPU
		{D0CD736F-855D-4D48-A947-A1833E9B917A}.AppStore|iPhone.ActiveCfg = Debug|Any CPU
		{D0CD736F-855D-4D48-A947-A1833E9B917A}.AppStore|iPhone.Build.0 = Debug|Any CPU
	EndGlobalSection
EndGlobal
